{
    "_readme": [
        "This file locks the dependencies of your project to a known state",
        "Read more about it at https://getcomposer.org/doc/01-basic-usage.md#installing-dependencies",
        "This file is @generated automatically"
    ],
    "content-hash": "e5684abaf3f6c60a4d216eee9a2dc964",
    "packages": [
        {
            "name": "barnabywalters/mf-cleaner",
            "version": "v0.2.0",
            "source": {
                "type": "git",
                "url": "https://github.com/barnabywalters/php-mf-cleaner.git",
                "reference": "bf86945ccb24093294bd266ee9e874917e762680"
            },
            "dist": {
                "type": "zip",
                "url": "https://api.github.com/repos/barnabywalters/php-mf-cleaner/zipball/bf86945ccb24093294bd266ee9e874917e762680",
                "reference": "bf86945ccb24093294bd266ee9e874917e762680",
                "shasum": ""
            },
            "require": {
                "php": ">=7.3"
            },
            "require-dev": {
                "phpunit/phpunit": "~9",
                "vimeo/psalm": "~4"
            },
            "suggest": {
                "mf2/mf2": "To parse microformats2 structures from (X)HTML"
            },
            "type": "library",
            "autoload": {
                "files": [
                    "src/functions.php"
                ]
            },
            "notification-url": "https://packagist.org/downloads/",
            "license": [
                "MIT"
            ],
            "authors": [
                {
                    "name": "Barnaby Walters",
                    "email": "barnaby@waterpigs.co.uk"
                }
            ],
            "description": "Cleans up microformats2 array structures",
            "support": {
                "issues": "https://github.com/barnabywalters/php-mf-cleaner/issues",
                "source": "https://github.com/barnabywalters/php-mf-cleaner/tree/v0.2.0"
            },
            "time": "2022-11-15T20:04:09+00:00"
        },
        {
            "name": "mf2/mf2",
            "version": "v0.5.0",
            "source": {
                "type": "git",
                "url": "https://github.com/microformats/php-mf2.git",
                "reference": "ddc56de6be62ed4a21f569de9b80e17af678ca50"
            },
            "dist": {
                "type": "zip",
                "url": "https://api.github.com/repos/microformats/php-mf2/zipball/ddc56de6be62ed4a21f569de9b80e17af678ca50",
                "reference": "ddc56de6be62ed4a21f569de9b80e17af678ca50",
                "shasum": ""
            },
            "require": {
                "php": ">=5.6.0"
            },
            "require-dev": {
                "dealerdirect/phpcodesniffer-composer-installer": "^0.7",
                "mf2/tests": "dev-master#e9e2b905821ba0a5b59dab1a8eaf40634ce9cd49",
                "phpcompatibility/php-compatibility": "^9.3",
                "phpunit/phpunit": "^5.7",
                "squizlabs/php_codesniffer": "^3.6.2"
            },
            "suggest": {
                "barnabywalters/mf-cleaner": "To more easily handle the canonical data php-mf2 gives you",
                "masterminds/html5": "Alternative HTML parser for PHP, for better HTML5 support."
            },
            "bin": [
                "bin/fetch-mf2",
                "bin/parse-mf2"
            ],
            "type": "library",
            "autoload": {
                "files": [
                    "Mf2/Parser.php"
                ]
            },
            "notification-url": "https://packagist.org/downloads/",
            "license": [
                "CC0-1.0"
            ],
            "authors": [
                {
                    "name": "Barnaby Walters",
                    "homepage": "http://waterpigs.co.uk"
                }
            ],
            "description": "A pure, generic microformats2 parser — makes HTML as easy to consume as a JSON API",
            "keywords": [
                "html",
                "microformats",
                "microformats 2",
                "parser",
                "semantic"
            ],
            "support": {
                "issues": "https://github.com/microformats/php-mf2/issues",
                "source": "https://github.com/microformats/php-mf2/tree/v0.5.0"
            },
            "time": "2022-02-10T01:05:27+00:00"
        },
        {
            "name": "pear/net_webfinger",
            "version": "v0.4.1",
            "source": {
                "type": "git",
                "url": "https://github.com/pear/Net_WebFinger.git",
                "reference": "7bc13b6e3185c7f407b34e62214b5efe0f21a2ed"
            },
            "dist": {
                "type": "zip",
                "url": "https://api.github.com/repos/pear/Net_WebFinger/zipball/7bc13b6e3185c7f407b34e62214b5efe0f21a2ed",
                "reference": "7bc13b6e3185c7f407b34e62214b5efe0f21a2ed",
                "shasum": ""
            },
            "require": {
                "pear/xml_xrd": "*"
            },
            "require-dev": {
                "pear/cache": "*",
                "pear/http_request2": "*",
                "phpunit/phpunit": "*"
            },
            "suggest": {
                "pear/cache": "Install optionally via your project's composer.json"
            },
            "type": "library",
            "autoload": {
                "psr-0": {
                    "": "src/"
                }
            },
            "notification-url": "https://packagist.org/downloads/",
            "include-path": [
                "src/"
            ],
            "license": [
                "LGPL-3.0-or-later"
            ],
            "authors": [
                {
                    "name": "Christian Weiske",
                    "email": "cweiske@php.net",
                    "role": "Lead"
                }
            ],
            "description": "WebFinger implementation for PHP",
            "homepage": "http://pear.php.net/package/Net_Webfinger",
            "support": {
                "issues": "http://pear.php.net/bugs/search.php?cmd=display&package_name[]=Net_WebFinger",
                "source": "https://github.com/pear/Net_WebFinger"
            },
            "time": "2023-05-22T18:21:16+00:00"
        },
        {
            "name": "pear/xml_xrd",
            "version": "v0.3.1",
            "source": {
                "type": "git",
                "url": "https://github.com/pear/XML_XRD.git",
                "reference": "3bddf158be71c60cfa95372224d21d272996dcac"
            },
            "dist": {
                "type": "zip",
                "url": "https://api.github.com/repos/pear/XML_XRD/zipball/3bddf158be71c60cfa95372224d21d272996dcac",
                "reference": "3bddf158be71c60cfa95372224d21d272996dcac",
                "shasum": ""
            },
            "require-dev": {
                "phpunit/phpunit": "*"
            },
            "type": "library",
            "autoload": {
                "psr-0": {
                    "": "src/"
                }
            },
            "notification-url": "https://packagist.org/downloads/",
            "include-path": [
                "src/"
            ],
            "license": [
                "LGPL"
            ],
            "authors": [
                {
                    "name": "Christian Weiske",
                    "email": "cweiske@php.net",
                    "role": "Lead"
                }
            ],
            "description": "PHP library to parse and generate \"Extensible Resource Descriptor (XRD) Version 1.0\" files",
            "support": {
                "issues": "http://pear.php.net/bugs/search.php?cmd=display&package_name[]=XML_XRD",
                "source": "https://github.com/pear/XML_XRD"
            },
            "time": "2014-07-17T20:50:27+00:00"
        },
        {
            "name": "psr/container",
            "version": "2.0.2",
            "source": {
                "type": "git",
                "url": "https://github.com/php-fig/container.git",
                "reference": "c71ecc56dfe541dbd90c5360474fbc405f8d5963"
            },
            "dist": {
                "type": "zip",
                "url": "https://api.github.com/repos/php-fig/container/zipball/c71ecc56dfe541dbd90c5360474fbc405f8d5963",
                "reference": "c71ecc56dfe541dbd90c5360474fbc405f8d5963",
                "shasum": ""
            },
            "require": {
                "php": ">=7.4.0"
            },
            "type": "library",
            "extra": {
                "branch-alias": {
                    "dev-master": "2.0.x-dev"
                }
            },
            "autoload": {
                "psr-4": {
                    "Psr\\Container\\": "src/"
                }
            },
            "notification-url": "https://packagist.org/downloads/",
            "license": [
                "MIT"
            ],
            "authors": [
                {
                    "name": "PHP-FIG",
                    "homepage": "https://www.php-fig.org/"
                }
            ],
            "description": "Common Container Interface (PHP FIG PSR-11)",
            "homepage": "https://github.com/php-fig/container",
            "keywords": [
                "PSR-11",
                "container",
                "container-interface",
                "container-interop",
                "psr"
            ],
            "support": {
                "issues": "https://github.com/php-fig/container/issues",
                "source": "https://github.com/php-fig/container/tree/2.0.2"
            },
            "time": "2021-11-05T16:47:00+00:00"
        },
        {
            "name": "symfony/console",
            "version": "v7.3.1",
            "source": {
                "type": "git",
                "url": "https://github.com/symfony/console.git",
                "reference": "9e27aecde8f506ba0fd1d9989620c04a87697101"
            },
            "dist": {
                "type": "zip",
                "url": "https://api.github.com/repos/symfony/console/zipball/9e27aecde8f506ba0fd1d9989620c04a87697101",
                "reference": "9e27aecde8f506ba0fd1d9989620c04a87697101",
                "shasum": ""
            },
            "require": {
                "php": ">=8.2",
                "symfony/deprecation-contracts": "^2.5|^3",
                "symfony/polyfill-mbstring": "~1.0",
                "symfony/service-contracts": "^2.5|^3",
                "symfony/string": "^7.2"
            },
            "conflict": {
                "symfony/dependency-injection": "<6.4",
                "symfony/dotenv": "<6.4",
                "symfony/event-dispatcher": "<6.4",
                "symfony/lock": "<6.4",
                "symfony/process": "<6.4"
            },
            "provide": {
                "psr/log-implementation": "1.0|2.0|3.0"
            },
            "require-dev": {
                "psr/log": "^1|^2|^3",
                "symfony/config": "^6.4|^7.0",
                "symfony/dependency-injection": "^6.4|^7.0",
                "symfony/event-dispatcher": "^6.4|^7.0",
                "symfony/http-foundation": "^6.4|^7.0",
                "symfony/http-kernel": "^6.4|^7.0",
                "symfony/lock": "^6.4|^7.0",
                "symfony/messenger": "^6.4|^7.0",
                "symfony/process": "^6.4|^7.0",
                "symfony/stopwatch": "^6.4|^7.0",
                "symfony/var-dumper": "^6.4|^7.0"
            },
            "type": "library",
            "autoload": {
                "psr-4": {
                    "Symfony\\Component\\Console\\": ""
                },
                "exclude-from-classmap": [
                    "/Tests/"
                ]
            },
            "notification-url": "https://packagist.org/downloads/",
            "license": [
                "MIT"
            ],
            "authors": [
                {
                    "name": "Fabien Potencier",
                    "email": "fabien@symfony.com"
                },
                {
                    "name": "Symfony Community",
                    "homepage": "https://symfony.com/contributors"
                }
            ],
            "description": "Eases the creation of beautiful and testable command line interfaces",
            "homepage": "https://symfony.com",
            "keywords": [
                "cli",
                "command-line",
                "console",
                "terminal"
            ],
            "support": {
                "source": "https://github.com/symfony/console/tree/v7.3.1"
            },
            "funding": [
                {
                    "url": "https://symfony.com/sponsor",
                    "type": "custom"
                },
                {
                    "url": "https://github.com/fabpot",
                    "type": "github"
                },
                {
                    "url": "https://tidelift.com/funding/github/packagist/symfony/symfony",
                    "type": "tidelift"
                }
            ],
            "time": "2025-06-27T19:55:54+00:00"
        },
        {
            "name": "symfony/deprecation-contracts",
            "version": "v3.6.0",
            "source": {
                "type": "git",
                "url": "https://github.com/symfony/deprecation-contracts.git",
                "reference": "63afe740e99a13ba87ec199bb07bbdee937a5b62"
            },
            "dist": {
                "type": "zip",
                "url": "https://api.github.com/repos/symfony/deprecation-contracts/zipball/63afe740e99a13ba87ec199bb07bbdee937a5b62",
                "reference": "63afe740e99a13ba87ec199bb07bbdee937a5b62",
                "shasum": ""
            },
            "require": {
                "php": ">=8.1"
            },
            "type": "library",
            "extra": {
                "thanks": {
                    "url": "https://github.com/symfony/contracts",
                    "name": "symfony/contracts"
                },
                "branch-alias": {
                    "dev-main": "3.6-dev"
                }
            },
            "autoload": {
                "files": [
                    "function.php"
                ]
            },
            "notification-url": "https://packagist.org/downloads/",
            "license": [
                "MIT"
            ],
            "authors": [
                {
                    "name": "Nicolas Grekas",
                    "email": "p@tchwork.com"
                },
                {
                    "name": "Symfony Community",
                    "homepage": "https://symfony.com/contributors"
                }
            ],
            "description": "A generic function and convention to trigger deprecation notices",
            "homepage": "https://symfony.com",
            "support": {
                "source": "https://github.com/symfony/deprecation-contracts/tree/v3.6.0"
            },
            "funding": [
                {
                    "url": "https://symfony.com/sponsor",
                    "type": "custom"
                },
                {
                    "url": "https://github.com/fabpot",
                    "type": "github"
                },
                {
                    "url": "https://tidelift.com/funding/github/packagist/symfony/symfony",
                    "type": "tidelift"
                }
            ],
            "time": "2024-09-25T14:21:43+00:00"
        },
        {
            "name": "symfony/polyfill-ctype",
            "version": "v1.32.0",
            "source": {
                "type": "git",
                "url": "https://github.com/symfony/polyfill-ctype.git",
                "reference": "a3cc8b044a6ea513310cbd48ef7333b384945638"
            },
            "dist": {
                "type": "zip",
                "url": "https://api.github.com/repos/symfony/polyfill-ctype/zipball/a3cc8b044a6ea513310cbd48ef7333b384945638",
                "reference": "a3cc8b044a6ea513310cbd48ef7333b384945638",
                "shasum": ""
            },
            "require": {
                "php": ">=7.2"
            },
            "provide": {
                "ext-ctype": "*"
            },
            "suggest": {
                "ext-ctype": "For best performance"
            },
            "type": "library",
            "extra": {
                "thanks": {
                    "url": "https://github.com/symfony/polyfill",
                    "name": "symfony/polyfill"
                }
            },
            "autoload": {
                "files": [
                    "bootstrap.php"
                ],
                "psr-4": {
                    "Symfony\\Polyfill\\Ctype\\": ""
                }
            },
            "notification-url": "https://packagist.org/downloads/",
            "license": [
                "MIT"
            ],
            "authors": [
                {
                    "name": "Gert de Pagter",
                    "email": "BackEndTea@gmail.com"
                },
                {
                    "name": "Symfony Community",
                    "homepage": "https://symfony.com/contributors"
                }
            ],
            "description": "Symfony polyfill for ctype functions",
            "homepage": "https://symfony.com",
            "keywords": [
                "compatibility",
                "ctype",
                "polyfill",
                "portable"
            ],
            "support": {
                "source": "https://github.com/symfony/polyfill-ctype/tree/v1.32.0"
            },
            "funding": [
                {
                    "url": "https://symfony.com/sponsor",
                    "type": "custom"
                },
                {
                    "url": "https://github.com/fabpot",
                    "type": "github"
                },
                {
                    "url": "https://tidelift.com/funding/github/packagist/symfony/symfony",
                    "type": "tidelift"
                }
            ],
            "time": "2024-09-09T11:45:10+00:00"
        },
        {
            "name": "symfony/polyfill-intl-grapheme",
            "version": "v1.32.0",
            "source": {
                "type": "git",
                "url": "https://github.com/symfony/polyfill-intl-grapheme.git",
                "reference": "b9123926e3b7bc2f98c02ad54f6a4b02b91a8abe"
            },
            "dist": {
                "type": "zip",
                "url": "https://api.github.com/repos/symfony/polyfill-intl-grapheme/zipball/b9123926e3b7bc2f98c02ad54f6a4b02b91a8abe",
                "reference": "b9123926e3b7bc2f98c02ad54f6a4b02b91a8abe",
                "shasum": ""
            },
            "require": {
                "php": ">=7.2"
            },
            "suggest": {
                "ext-intl": "For best performance"
            },
            "type": "library",
            "extra": {
                "thanks": {
                    "url": "https://github.com/symfony/polyfill",
                    "name": "symfony/polyfill"
                }
            },
            "autoload": {
                "files": [
                    "bootstrap.php"
                ],
                "psr-4": {
                    "Symfony\\Polyfill\\Intl\\Grapheme\\": ""
                }
            },
            "notification-url": "https://packagist.org/downloads/",
            "license": [
                "MIT"
            ],
            "authors": [
                {
                    "name": "Nicolas Grekas",
                    "email": "p@tchwork.com"
                },
                {
                    "name": "Symfony Community",
                    "homepage": "https://symfony.com/contributors"
                }
            ],
            "description": "Symfony polyfill for intl's grapheme_* functions",
            "homepage": "https://symfony.com",
            "keywords": [
                "compatibility",
                "grapheme",
                "intl",
                "polyfill",
                "portable",
                "shim"
            ],
            "support": {
                "source": "https://github.com/symfony/polyfill-intl-grapheme/tree/v1.32.0"
            },
            "funding": [
                {
                    "url": "https://symfony.com/sponsor",
                    "type": "custom"
                },
                {
                    "url": "https://github.com/fabpot",
                    "type": "github"
                },
                {
                    "url": "https://tidelift.com/funding/github/packagist/symfony/symfony",
                    "type": "tidelift"
                }
            ],
            "time": "2024-09-09T11:45:10+00:00"
        },
        {
            "name": "symfony/polyfill-intl-normalizer",
            "version": "v1.32.0",
            "source": {
                "type": "git",
                "url": "https://github.com/symfony/polyfill-intl-normalizer.git",
                "reference": "3833d7255cc303546435cb650316bff708a1c75c"
            },
            "dist": {
                "type": "zip",
                "url": "https://api.github.com/repos/symfony/polyfill-intl-normalizer/zipball/3833d7255cc303546435cb650316bff708a1c75c",
                "reference": "3833d7255cc303546435cb650316bff708a1c75c",
                "shasum": ""
            },
            "require": {
                "php": ">=7.2"
            },
            "suggest": {
                "ext-intl": "For best performance"
            },
            "type": "library",
            "extra": {
                "thanks": {
                    "url": "https://github.com/symfony/polyfill",
                    "name": "symfony/polyfill"
                }
            },
            "autoload": {
                "files": [
                    "bootstrap.php"
                ],
                "psr-4": {
                    "Symfony\\Polyfill\\Intl\\Normalizer\\": ""
                },
                "classmap": [
                    "Resources/stubs"
                ]
            },
            "notification-url": "https://packagist.org/downloads/",
            "license": [
                "MIT"
            ],
            "authors": [
                {
                    "name": "Nicolas Grekas",
                    "email": "p@tchwork.com"
                },
                {
                    "name": "Symfony Community",
                    "homepage": "https://symfony.com/contributors"
                }
            ],
            "description": "Symfony polyfill for intl's Normalizer class and related functions",
            "homepage": "https://symfony.com",
            "keywords": [
                "compatibility",
                "intl",
                "normalizer",
                "polyfill",
                "portable",
                "shim"
            ],
            "support": {
                "source": "https://github.com/symfony/polyfill-intl-normalizer/tree/v1.32.0"
            },
            "funding": [
                {
                    "url": "https://symfony.com/sponsor",
                    "type": "custom"
                },
                {
                    "url": "https://github.com/fabpot",
                    "type": "github"
                },
                {
                    "url": "https://tidelift.com/funding/github/packagist/symfony/symfony",
                    "type": "tidelift"
                }
            ],
            "time": "2024-09-09T11:45:10+00:00"
        },
        {
            "name": "symfony/polyfill-mbstring",
            "version": "v1.32.0",
            "source": {
                "type": "git",
                "url": "https://github.com/symfony/polyfill-mbstring.git",
                "reference": "6d857f4d76bd4b343eac26d6b539585d2bc56493"
            },
            "dist": {
                "type": "zip",
                "url": "https://api.github.com/repos/symfony/polyfill-mbstring/zipball/6d857f4d76bd4b343eac26d6b539585d2bc56493",
                "reference": "6d857f4d76bd4b343eac26d6b539585d2bc56493",
                "shasum": ""
            },
            "require": {
                "ext-iconv": "*",
                "php": ">=7.2"
            },
            "provide": {
                "ext-mbstring": "*"
            },
            "suggest": {
                "ext-mbstring": "For best performance"
            },
            "type": "library",
            "extra": {
                "thanks": {
                    "url": "https://github.com/symfony/polyfill",
                    "name": "symfony/polyfill"
                }
            },
            "autoload": {
                "files": [
                    "bootstrap.php"
                ],
                "psr-4": {
                    "Symfony\\Polyfill\\Mbstring\\": ""
                }
            },
            "notification-url": "https://packagist.org/downloads/",
            "license": [
                "MIT"
            ],
            "authors": [
                {
                    "name": "Nicolas Grekas",
                    "email": "p@tchwork.com"
                },
                {
                    "name": "Symfony Community",
                    "homepage": "https://symfony.com/contributors"
                }
            ],
            "description": "Symfony polyfill for the Mbstring extension",
            "homepage": "https://symfony.com",
            "keywords": [
                "compatibility",
                "mbstring",
                "polyfill",
                "portable",
                "shim"
            ],
            "support": {
                "source": "https://github.com/symfony/polyfill-mbstring/tree/v1.32.0"
            },
            "funding": [
                {
                    "url": "https://symfony.com/sponsor",
                    "type": "custom"
                },
                {
                    "url": "https://github.com/fabpot",
                    "type": "github"
                },
                {
                    "url": "https://tidelift.com/funding/github/packagist/symfony/symfony",
                    "type": "tidelift"
                }
            ],
            "time": "2024-12-23T08:48:59+00:00"
        },
        {
            "name": "symfony/service-contracts",
            "version": "v3.6.0",
            "source": {
                "type": "git",
                "url": "https://github.com/symfony/service-contracts.git",
                "reference": "f021b05a130d35510bd6b25fe9053c2a8a15d5d4"
            },
            "dist": {
                "type": "zip",
                "url": "https://api.github.com/repos/symfony/service-contracts/zipball/f021b05a130d35510bd6b25fe9053c2a8a15d5d4",
                "reference": "f021b05a130d35510bd6b25fe9053c2a8a15d5d4",
                "shasum": ""
            },
            "require": {
                "php": ">=8.1",
                "psr/container": "^1.1|^2.0",
                "symfony/deprecation-contracts": "^2.5|^3"
            },
            "conflict": {
                "ext-psr": "<1.1|>=2"
            },
            "type": "library",
            "extra": {
                "thanks": {
                    "url": "https://github.com/symfony/contracts",
                    "name": "symfony/contracts"
                },
                "branch-alias": {
                    "dev-main": "3.6-dev"
                }
            },
            "autoload": {
                "psr-4": {
                    "Symfony\\Contracts\\Service\\": ""
                },
                "exclude-from-classmap": [
                    "/Test/"
                ]
            },
            "notification-url": "https://packagist.org/downloads/",
            "license": [
                "MIT"
            ],
            "authors": [
                {
                    "name": "Nicolas Grekas",
                    "email": "p@tchwork.com"
                },
                {
                    "name": "Symfony Community",
                    "homepage": "https://symfony.com/contributors"
                }
            ],
            "description": "Generic abstractions related to writing services",
            "homepage": "https://symfony.com",
            "keywords": [
                "abstractions",
                "contracts",
                "decoupling",
                "interfaces",
                "interoperability",
                "standards"
            ],
            "support": {
                "source": "https://github.com/symfony/service-contracts/tree/v3.6.0"
            },
            "funding": [
                {
                    "url": "https://symfony.com/sponsor",
                    "type": "custom"
                },
                {
                    "url": "https://github.com/fabpot",
                    "type": "github"
                },
                {
                    "url": "https://tidelift.com/funding/github/packagist/symfony/symfony",
                    "type": "tidelift"
                }
            ],
            "time": "2025-04-25T09:37:31+00:00"
        },
        {
            "name": "symfony/string",
            "version": "v7.3.0",
            "source": {
                "type": "git",
                "url": "https://github.com/symfony/string.git",
                "reference": "f3570b8c61ca887a9e2938e85cb6458515d2b125"
            },
            "dist": {
                "type": "zip",
                "url": "https://api.github.com/repos/symfony/string/zipball/f3570b8c61ca887a9e2938e85cb6458515d2b125",
                "reference": "f3570b8c61ca887a9e2938e85cb6458515d2b125",
                "shasum": ""
            },
            "require": {
                "php": ">=8.2",
                "symfony/polyfill-ctype": "~1.8",
                "symfony/polyfill-intl-grapheme": "~1.0",
                "symfony/polyfill-intl-normalizer": "~1.0",
                "symfony/polyfill-mbstring": "~1.0"
            },
            "conflict": {
                "symfony/translation-contracts": "<2.5"
            },
            "require-dev": {
                "symfony/emoji": "^7.1",
                "symfony/error-handler": "^6.4|^7.0",
                "symfony/http-client": "^6.4|^7.0",
                "symfony/intl": "^6.4|^7.0",
                "symfony/translation-contracts": "^2.5|^3.0",
                "symfony/var-exporter": "^6.4|^7.0"
            },
            "type": "library",
            "autoload": {
                "files": [
                    "Resources/functions.php"
                ],
                "psr-4": {
                    "Symfony\\Component\\String\\": ""
                },
                "exclude-from-classmap": [
                    "/Tests/"
                ]
            },
            "notification-url": "https://packagist.org/downloads/",
            "license": [
                "MIT"
            ],
            "authors": [
                {
                    "name": "Nicolas Grekas",
                    "email": "p@tchwork.com"
                },
                {
                    "name": "Symfony Community",
                    "homepage": "https://symfony.com/contributors"
                }
            ],
            "description": "Provides an object-oriented API to strings and deals with bytes, UTF-8 code points and grapheme clusters in a unified way",
            "homepage": "https://symfony.com",
            "keywords": [
                "grapheme",
                "i18n",
                "string",
                "unicode",
                "utf-8",
                "utf8"
            ],
            "support": {
                "source": "https://github.com/symfony/string/tree/v7.3.0"
            },
            "funding": [
                {
                    "url": "https://symfony.com/sponsor",
                    "type": "custom"
                },
                {
                    "url": "https://github.com/fabpot",
                    "type": "github"
                },
                {
                    "url": "https://tidelift.com/funding/github/packagist/symfony/symfony",
                    "type": "tidelift"
                }
            ],
            "time": "2025-04-20T20:19:01+00:00"
        }
    ],
    "packages-dev": [],
    "aliases": [],
    "minimum-stability": "stable",
    "stability-flags": [],
    "prefer-stable": false,
    "prefer-lowest": false,
    "platform": [],
    "platform-dev": [],
    "plugin-api-version": "2.3.0"
}
